
Microsoft Visual Studio Solution File, Format Version 12.00
# Visual Studio 14
VisualStudioVersion = 14.0.25123.0
MinimumVisualStudioVersion = 10.0.40219.1
Project("{FAE04EC0-301F-11D3-BF4B-00C04F79EFBC}") = "Random Password Generator", "x1\Random Password Generator.csproj", "{00C09CDE-1B64-4A99-8433-7B633766FE0E}"
EndProject
Project("{FAE04EC0-301F-11D3-BF4B-00C04F79EFBC}") = "ClassLibrary1", "ClassLibrary1\ClassLibrary1.csproj", "{D33039BF-B428-45E6-928D-2DE346122CDA}"
EndProject
Global
	GlobalSection(SolutionConfigurationPlatforms) = preSolution
		Debug|Any CPU = Debug|Any CPU
		Release|Any CPU = Release|Any CPU
	EndGlobalSection
	GlobalSection(ProjectConfigurationPlatforms) = postSolution
		{00C09CDE-1B64-4A99-8433-7B633766FE0E}.Debug|Any CPU.ActiveCfg = Debug|Any CPU
		{00C09CDE-1B64-4A99-8433-7B633766FE0E}.Debug|Any CPU.Build.0 = Debug|Any CPU
		{00C09CDE-1B64-4A99-8433-7B633766FE0E}.Release|Any CPU.ActiveCfg = Release|Any CPU
		{00C09CDE-1B64-4A99-8433-7B633766FE0E}.Release|Any CPU.Build.0 = Release|Any CPU
		{D33039BF-B428-45E6-928D-2DE346122CDA}.Debug|Any CPU.ActiveCfg = Debug|Any CPU
		{D33039BF-B428-45E6-928D-2DE346122CDA}.Debug|Any CPU.Build.0 = Debug|Any CPU
		{D33039BF-B428-45E6-928D-2DE346122CDA}.Release|Any CPU.ActiveCfg = Release|Any CPU
		{D33039BF-B428-45E6-928D-2DE346122CDA}.Release|Any CPU.Build.0 = Release|Any CPU
	EndGlobalSection
	GlobalSection(SolutionProperties) = preSolution
		HideSolutionNode = FALSE
	EndGlobalSection
EndGlobal
